
Microsoft Visual Studio Solution File, Format Version 12.00
# Visual Studio 15
VisualStudioVersion = 15.0.28307.572
MinimumVisualStudioVersion = 10.0.40219.1
Project("{FAE04EC0-301F-11D3-BF4B-00C04F79EFBC}") = "AzureD", "AzureD\AzureD.csproj", "{EFDA1C98-6571-432F-87C6-21AC8D4C1327}"
EndProject
Global
	GlobalSection(SolutionConfigurationPlatforms) = preSolution
		Debug|Any CPU = Debug|Any CPU
		Release|Any CPU = Release|Any CPU
	EndGlobalSection
	GlobalSection(ProjectConfigurationPlatforms) = postSolution
		{EFDA1C98-6571-432F-87C6-21AC8D4C1327}.Debug|Any CPU.ActiveCfg = Debug|Any CPU
		{EFDA1C98-6571-432F-87C6-21AC8D4C1327}.Debug|Any CPU.Build.0 = Debug|Any CPU
		{EFDA1C98-6571-432F-87C6-21AC8D4C1327}.Release|Any CPU.ActiveCfg = Release|Any CPU
		{EFDA1C98-6571-432F-87C6-21AC8D4C1327}.Release|Any CPU.Build.0 = Release|Any CPU
	EndGlobalSection
	GlobalSection(SolutionProperties) = preSolution
		HideSolutionNode = FALSE
	EndGlobalSection
	GlobalSection(ExtensibilityGlobals) = postSolution
		SolutionGuid = {7F0E749D-994A-4D55-B547-F3833F757874}
	EndGlobalSection
EndGlobal
